
Microsoft Visual Studio Solution File, Format Version 12.00
# Visual Studio Version 17
VisualStudioVersion = 17.3.32811.315
MinimumVisualStudioVersion = 10.0.40219.1
Project("{FAE04EC0-301F-11D3-BF4B-00C04F79EFBC}") = "Avaliacao", "Avaliacao\Avaliacao.csproj", "{EF4D5FED-DF38-4F30-A2D3-D8EAC9774549}"
EndProject
Global
	GlobalSection(SolutionConfigurationPlatforms) = preSolution
		Debug|Any CPU = Debug|Any CPU
		Release|Any CPU = Release|Any CPU
	EndGlobalSection
	GlobalSection(ProjectConfigurationPlatforms) = postSolution
		{EF4D5FED-DF38-4F30-A2D3-D8EAC9774549}.Debug|Any CPU.ActiveCfg = Debug|Any CPU
		{EF4D5FED-DF38-4F30-A2D3-D8EAC9774549}.Debug|Any CPU.Build.0 = Debug|Any CPU
		{EF4D5FED-DF38-4F30-A2D3-D8EAC9774549}.Release|Any CPU.ActiveCfg = Release|Any CPU
		{EF4D5FED-DF38-4F30-A2D3-D8EAC9774549}.Release|Any CPU.Build.0 = Release|Any CPU
	EndGlobalSection
	GlobalSection(SolutionProperties) = preSolution
		HideSolutionNode = FALSE
	EndGlobalSection
	GlobalSection(ExtensibilityGlobals) = postSolution
		SolutionGuid = {B254E77D-421F-4710-8391-15DA634FB6E7}
	EndGlobalSection
EndGlobal
